
Microsoft Visual Studio Solution File, Format Version 12.00
# Visual Studio 15
VisualStudioVersion = 15.0.27703.2047
MinimumVisualStudioVersion = 10.0.40219.1
Project("{FAE04EC0-301F-11D3-BF4B-00C04F79EFBC}") = "PutCoinSimulator", "PutCoinSimulator\PutCoinSimulator.csproj", "{CABD42A1-32C6-4F1B-BA23-37D436D32792}"
EndProject
Project("{FAE04EC0-301F-11D3-BF4B-00C04F79EFBC}") = "PutCoinSimulator.Tests", "PutCoinSimulator.Tests\PutCoinSimulator.Tests.csproj", "{A66F60EF-97F3-4055-AABC-7D4D7B2AE06E}"
EndProject
Project("{2150E333-8FDC-42A3-9474-1A3956D46DE8}") = "Threads", "Threads", "{930CBE8F-0A0A-4FD0-85F4-D16A1F9A850B}"
EndProject
Project("{FAE04EC0-301F-11D3-BF4B-00C04F79EFBC}") = "Common", "Common\Common.csproj", "{9821E34E-ACBF-4000-919B-BB0B8835ED19}"
EndProject
Project("{FAE04EC0-301F-11D3-BF4B-00C04F79EFBC}") = "Models", "Models\Models.csproj", "{2D79521C-8605-4163-B3D1-357EA23AC646}"
EndProject
Project("{FAE04EC0-301F-11D3-BF4B-00C04F79EFBC}") = "Repository", "Repository\Repository.csproj", "{BAFC8797-15D8-41E4-9D54-0FCEF41FFEFB}"
EndProject
Project("{FAE04EC0-301F-11D3-BF4B-00C04F79EFBC}") = "GeneratorThread", "GeneratorThread\GeneratorThread.csproj", "{5E4EEC88-4206-42C9-92C2-B0DF39540566}"
EndProject
Project("{FAE04EC0-301F-11D3-BF4B-00C04F79EFBC}") = "ThreadManager", "ThreadManager\ThreadManager.csproj", "{C9C7E470-8C45-4429-A24C-AB77E3A94429}"
EndProject
Project("{FAE04EC0-301F-11D3-BF4B-00C04F79EFBC}") = "VisualisingThread", "VisualisingThread\VisualisingThread.csproj", "{F1C51B83-4621-44D2-86F8-2CE391563816}"
EndProject
Project("{FAE04EC0-301F-11D3-BF4B-00C04F79EFBC}") = "AddingThread", "AddingThread\AddingThread.csproj", "{4650B6FC-C4B5-41BB-A6EA-564E3011540A}"
EndProject
Global
	GlobalSection(SolutionConfigurationPlatforms) = preSolution
		Debug|Any CPU = Debug|Any CPU
		Release|Any CPU = Release|Any CPU
	EndGlobalSection
	GlobalSection(ProjectConfigurationPlatforms) = postSolution
		{CABD42A1-32C6-4F1B-BA23-37D436D32792}.Debug|Any CPU.ActiveCfg = Debug|Any CPU
		{CABD42A1-32C6-4F1B-BA23-37D436D32792}.Debug|Any CPU.Build.0 = Debug|Any CPU
		{CABD42A1-32C6-4F1B-BA23-37D436D32792}.Release|Any CPU.ActiveCfg = Release|Any CPU
		{CABD42A1-32C6-4F1B-BA23-37D436D32792}.Release|Any CPU.Build.0 = Release|Any CPU
		{A66F60EF-97F3-4055-AABC-7D4D7B2AE06E}.Debug|Any CPU.ActiveCfg = Debug|Any CPU
		{A66F60EF-97F3-4055-AABC-7D4D7B2AE06E}.Debug|Any CPU.Build.0 = Debug|Any CPU
		{A66F60EF-97F3-4055-AABC-7D4D7B2AE06E}.Release|Any CPU.ActiveCfg = Release|Any CPU
		{A66F60EF-97F3-4055-AABC-7D4D7B2AE06E}.Release|Any CPU.Build.0 = Release|Any CPU
		{9821E34E-ACBF-4000-919B-BB0B8835ED19}.Debug|Any CPU.ActiveCfg = Debug|Any CPU
		{9821E34E-ACBF-4000-919B-BB0B8835ED19}.Debug|Any CPU.Build.0 = Debug|Any CPU
		{9821E34E-ACBF-4000-919B-BB0B8835ED19}.Release|Any CPU.ActiveCfg = Release|Any CPU
		{9821E34E-ACBF-4000-919B-BB0B8835ED19}.Release|Any CPU.Build.0 = Release|Any CPU
		{2D79521C-8605-4163-B3D1-357EA23AC646}.Debug|Any CPU.ActiveCfg = Debug|Any CPU
		{2D79521C-8605-4163-B3D1-357EA23AC646}.Debug|Any CPU.Build.0 = Debug|Any CPU
		{2D79521C-8605-4163-B3D1-357EA23AC646}.Release|Any CPU.ActiveCfg = Release|Any CPU
		{2D79521C-8605-4163-B3D1-357EA23AC646}.Release|Any CPU.Build.0 = Release|Any CPU
		{BAFC8797-15D8-41E4-9D54-0FCEF41FFEFB}.Debug|Any CPU.ActiveCfg = Debug|Any CPU
		{BAFC8797-15D8-41E4-9D54-0FCEF41FFEFB}.Debug|Any CPU.Build.0 = Debug|Any CPU
		{BAFC8797-15D8-41E4-9D54-0FCEF41FFEFB}.Release|Any CPU.ActiveCfg = Release|Any CPU
		{BAFC8797-15D8-41E4-9D54-0FCEF41FFEFB}.Release|Any CPU.Build.0 = Release|Any CPU
		{5E4EEC88-4206-42C9-92C2-B0DF39540566}.Debug|Any CPU.ActiveCfg = Debug|Any CPU
		{5E4EEC88-4206-42C9-92C2-B0DF39540566}.Debug|Any CPU.Build.0 = Debug|Any CPU
		{5E4EEC88-4206-42C9-92C2-B0DF39540566}.Release|Any CPU.ActiveCfg = Release|Any CPU
		{5E4EEC88-4206-42C9-92C2-B0DF39540566}.Release|Any CPU.Build.0 = Release|Any CPU
		{C9C7E470-8C45-4429-A24C-AB77E3A94429}.Debug|Any CPU.ActiveCfg = Debug|Any CPU
		{C9C7E470-8C45-4429-A24C-AB77E3A94429}.Debug|Any CPU.Build.0 = Debug|Any CPU
		{C9C7E470-8C45-4429-A24C-AB77E3A94429}.Release|Any CPU.ActiveCfg = Release|Any CPU
		{C9C7E470-8C45-4429-A24C-AB77E3A94429}.Release|Any CPU.Build.0 = Release|Any CPU
		{F1C51B83-4621-44D2-86F8-2CE391563816}.Debug|Any CPU.ActiveCfg = Debug|Any CPU
		{F1C51B83-4621-44D2-86F8-2CE391563816}.Debug|Any CPU.Build.0 = Debug|Any CPU
		{F1C51B83-4621-44D2-86F8-2CE391563816}.Release|Any CPU.ActiveCfg = Release|Any CPU
		{F1C51B83-4621-44D2-86F8-2CE391563816}.Release|Any CPU.Build.0 = Release|Any CPU
		{4650B6FC-C4B5-41BB-A6EA-564E3011540A}.Debug|Any CPU.ActiveCfg = Debug|Any CPU
		{4650B6FC-C4B5-41BB-A6EA-564E3011540A}.Debug|Any CPU.Build.0 = Debug|Any CPU
		{4650B6FC-C4B5-41BB-A6EA-564E3011540A}.Release|Any CPU.ActiveCfg = Release|Any CPU
		{4650B6FC-C4B5-41BB-A6EA-564E3011540A}.Release|Any CPU.Build.0 = Release|Any CPU
	EndGlobalSection
	GlobalSection(SolutionProperties) = preSolution
		HideSolutionNode = FALSE
	EndGlobalSection
	GlobalSection(NestedProjects) = preSolution
		{5E4EEC88-4206-42C9-92C2-B0DF39540566} = {930CBE8F-0A0A-4FD0-85F4-D16A1F9A850B}
		{C9C7E470-8C45-4429-A24C-AB77E3A94429} = {930CBE8F-0A0A-4FD0-85F4-D16A1F9A850B}
		{F1C51B83-4621-44D2-86F8-2CE391563816} = {930CBE8F-0A0A-4FD0-85F4-D16A1F9A850B}
		{4650B6FC-C4B5-41BB-A6EA-564E3011540A} = {930CBE8F-0A0A-4FD0-85F4-D16A1F9A850B}
	EndGlobalSection
	GlobalSection(ExtensibilityGlobals) = postSolution
		SolutionGuid = {0BB2B0D2-2D26-4F58-8444-3E10E499704F}
	EndGlobalSection
EndGlobal
